
Microsoft Visual Studio Solution File, Format Version 12.00
# Visual Studio Version 16
VisualStudioVersion = 16.0.30413.136
MinimumVisualStudioVersion = 10.0.40219.1
Project("{FAE04EC0-301F-11D3-BF4B-00C04F79EFBC}") = "Zmayka igra", "Zmayka igra\Zmayka igra.csproj", "{A12A162E-9024-44AC-B696-B00FF602B3F2}"
EndProject
Global
	GlobalSection(SolutionConfigurationPlatforms) = preSolution
		Debug|Any CPU = Debug|Any CPU
		Release|Any CPU = Release|Any CPU
	EndGlobalSection
	GlobalSection(ProjectConfigurationPlatforms) = postSolution
		{A12A162E-9024-44AC-B696-B00FF602B3F2}.Debug|Any CPU.ActiveCfg = Debug|Any CPU
		{A12A162E-9024-44AC-B696-B00FF602B3F2}.Debug|Any CPU.Build.0 = Debug|Any CPU
		{A12A162E-9024-44AC-B696-B00FF602B3F2}.Release|Any CPU.ActiveCfg = Release|Any CPU
		{A12A162E-9024-44AC-B696-B00FF602B3F2}.Release|Any CPU.Build.0 = Release|Any CPU
	EndGlobalSection
	GlobalSection(SolutionProperties) = preSolution
		HideSolutionNode = FALSE
	EndGlobalSection
	GlobalSection(ExtensibilityGlobals) = postSolution
		SolutionGuid = {1E7E369F-CFF0-4066-8D69-95CA57B19EA4}
	EndGlobalSection
EndGlobal
